
Microsoft Visual Studio Solution File, Format Version 12.00
# Visual Studio Version 17
VisualStudioVersion = 17.13.35828.75 d17.13
MinimumVisualStudioVersion = 10.0.40219.1
Project("{FAE04EC0-301F-11D3-BF4B-00C04F79EFBC}") = "JoculCuCulori", "JoculCuCulori\JoculCuCulori.csproj", "{D0BC4176-9DD0-4817-85AF-D0D5E3CA2780}"
EndProject
Global
	GlobalSection(SolutionConfigurationPlatforms) = preSolution
		Debug|Any CPU = Debug|Any CPU
		Release|Any CPU = Release|Any CPU
	EndGlobalSection
	GlobalSection(ProjectConfigurationPlatforms) = postSolution
		{D0BC4176-9DD0-4817-85AF-D0D5E3CA2780}.Debug|Any CPU.ActiveCfg = Debug|Any CPU
		{D0BC4176-9DD0-4817-85AF-D0D5E3CA2780}.Debug|Any CPU.Build.0 = Debug|Any CPU
		{D0BC4176-9DD0-4817-85AF-D0D5E3CA2780}.Release|Any CPU.ActiveCfg = Release|Any CPU
		{D0BC4176-9DD0-4817-85AF-D0D5E3CA2780}.Release|Any CPU.Build.0 = Release|Any CPU
	EndGlobalSection
	GlobalSection(SolutionProperties) = preSolution
		HideSolutionNode = FALSE
	EndGlobalSection
	GlobalSection(ExtensibilityGlobals) = postSolution
		SolutionGuid = {9C396E61-8CFE-4676-8E58-053DA99C952B}
	EndGlobalSection
EndGlobal
